PODS:
  - HPElectronicProgramGuide (1.0.2)
  - SnapKit (5.6.0)

DEPENDENCIES:
  - HPElectronicProgramGuide (from `../`)
  - SnapKit

SPEC REPOS:
  trunk:
    - SnapKit

EXTERNAL SOURCES:
  HPElectronicProgramGuide:
    :path: "../"

SPEC CHECKSUMS:
  HPElectronicProgramGuide: f1fca8055f53bb2a3874c9d9d58ecaff9e0def9b
  SnapKit: e01d52ebb8ddbc333eefe2132acf85c8227d9c25

PODFILE CHECKSUM: 4117da9febbff3d071c8f05e58b3d05f0f6a501a

COCOAPODS: 1.15.0
